
Microsoft Visual Studio Solution File, Format Version 12.00
# Visual Studio Version 16
VisualStudioVersion = 16.0.33214.272
MinimumVisualStudioVersion = 10.0.40219.1
Project("{FAE04EC0-301F-11D3-BF4B-00C04F79EFBC}") = "GameOfLife", "GameOfLife.csproj", "{63AC58BC-CC9A-4367-AC3B-D407E6FB3174}"
EndProject
Global
	GlobalSection(SolutionConfigurationPlatforms) = preSolution
		Debug|Any CPU = Debug|Any CPU
		Release|Any CPU = Release|Any CPU
	EndGlobalSection
	GlobalSection(ProjectConfigurationPlatforms) = postSolution
		{63AC58BC-CC9A-4367-AC3B-D407E6FB3174}.Debug|Any CPU.ActiveCfg = Debug|Any CPU
		{63AC58BC-CC9A-4367-AC3B-D407E6FB3174}.Debug|Any CPU.Build.0 = Debug|Any CPU
		{63AC58BC-CC9A-4367-AC3B-D407E6FB3174}.Release|Any CPU.ActiveCfg = Release|Any CPU
		{63AC58BC-CC9A-4367-AC3B-D407E6FB3174}.Release|Any CPU.Build.0 = Release|Any CPU
	EndGlobalSection
	GlobalSection(SolutionProperties) = preSolution
		HideSolutionNode = FALSE
	EndGlobalSection
	GlobalSection(ExtensibilityGlobals) = postSolution
		SolutionGuid = {F9C00A2E-9B78-40A5-8BFE-A231B5838F50}
	EndGlobalSection
EndGlobal
